
Microsoft Visual Studio Solution File, Format Version 12.00
# Visual Studio 16
Project("{FAE04EC0-301F-11D3-BF4B-00C04F79EFBC}") = "Assembly-CSharp", "Assembly-CSharp.csproj", "{1EB4675C-17C2-2E29-594F-FF0426D135AB}"
EndProject
Global
	GlobalSection(SolutionConfigurationPlatforms) = preSolution
		Debug|Any CPU = Debug|Any CPU
		Release|Any CPU = Release|Any CPU
	EndGlobalSection
	GlobalSection(ProjectConfigurationPlatforms) = postSolution
		{1EB4675C-17C2-2E29-594F-FF0426D135AB}.Debug|Any CPU.ActiveCfg = Debug|Any CPU
		{1EB4675C-17C2-2E29-594F-FF0426D135AB}.Debug|Any CPU.Build.0 = Debug|Any CPU
		{1EB4675C-17C2-2E29-594F-FF0426D135AB}.Release|Any CPU.ActiveCfg = Release|Any CPU
		{1EB4675C-17C2-2E29-594F-FF0426D135AB}.Release|Any CPU.Build.0 = Release|Any CPU
	EndGlobalSection
	GlobalSection(SolutionProperties) = preSolution
		HideSolutionNode = FALSE
	EndGlobalSection
	GlobalSection(MonoDevelopProperties) = preSolution
		StartupItem = Assembly-CSharp.csproj
	EndGlobalSection
EndGlobal
